// !$*UTF8*$!
{
	archiveVersion = 1;
	classes = {
	};
	objectVersion = 46;
	objects = {

/* Begin PBXBuildFile section */
		D033C9DB1A6A19A0003864DF /* AppDelegate.swift in Sources */ = {isa = PBXBuildFile; fileRef = D033C9DA1A6A19A0003864DF /* AppDelegate.swift */; };
		D033C9DD1A6A19A0003864DF /* ViewController.swift in Sources */ = {isa = PBXBuildFile; fileRef = D033C9DC1A6A19A0003864DF /* ViewController.swift */; };
		D033C9E01A6A19A0003864DF /* Main.storyboard in Resources */ = {isa = PBXBuildFile; fileRef = D033C9DE1A6A19A0003864DF /* Main.storyboard */; };
		D033C9E21A6A19A0003864DF /* Images.xcassets in Resources */ = {isa = PBXBuildFile; fileRef = D033C9E11A6A19A0003864DF /* Images.xcassets */; };
		D033C9E51A6A19A0003864DF /* LaunchScreen.xib in Resources */ = {isa = PBXBuildFile; fileRef = D033C9E31A6A19A0003864DF /* LaunchScreen.xib */; };
		D033C9F11A6A19A0003864DF /* NSUserDefaults_SwiftTests.swift in Sources */ = {isa = PBXBuildFile; fileRef = D033C9F01A6A19A0003864DF /* NSUserDefaults_SwiftTests.swift */; };
		D033C9FB1A6A19BE003864DF /* UserModel.swift in Sources */ = {isa = PBXBuildFile; fileRef = D033C9FA1A6A19BE003864DF /* UserModel.swift */; };
		D033C9FD1A6A235F003864DF /* DataManager.swift in Sources */ = {isa = PBXBuildFile; fileRef = D033C9FC1A6A235F003864DF /* DataManager.swift */; };
/* End PBXBuildFile section */

/* Begin PBXContainerItemProxy section */
		D033C9EB1A6A19A0003864DF /* PBXContainerItemProxy */ = {
			isa = PBXContainerItemProxy;
			containerPortal = D033C9CD1A6A19A0003864DF /* Project object */;
			proxyType = 1;
			remoteGlobalIDString = D033C9D41A6A19A0003864DF;
			remoteInfo = "NSUserDefaults Swift";
		};
/* End PBXContainerItemProxy section */

/* Begin PBXFileReference section */
		D033C9D51A6A19A0003864DF /* NSUserDefaults Swift.app */ = {isa = PBXFileReference; explicitFileType = wrapper.application; includeInIndex = 0; path = "NSUserDefaults Swift.app"; sourceTree = BUILT_PRODUCTS_DIR; };
		D033C9D91A6A19A0003864DF /* Info.plist */ = {isa = PBXFileReference; lastKnownFileType = text.plist.xml; path = Info.plist; sourceTree = "<group>"; };
		D033C9DA1A6A19A0003864DF /* AppDelegate.swift */ = {isa = PBXFileReference; lastKnownFileType = sourcecode.swift; path = AppDelegate.swift; sourceTree = "<group>"; };
		D033C9DC1A6A19A0003864DF /* ViewController.swift */ = {isa = PBXFileReference; lastKnownFileType = sourcecode.swift; path = ViewController.swift; sourceTree = "<group>"; };
		D033C9DF1A6A19A0003864DF /* Base */ = {isa = PBXFileReference; lastKnownFileType = file.storyboard; name = Base; path = Base.lproj/Main.storyboard; sourceTree = "<group>"; };
		D033C9E11A6A19A0003864DF /* Images.xcassets */ = {isa = PBXFileReference; lastKnownFileType = folder.assetcatalog; path = Images.xcassets; sourceTree = "<group>"; };
		D033C9E41A6A19A0003864DF /* Base */ = {isa = PBXFileReference; lastKnownFileType = file.xib; name = Base; path = Base.lproj/LaunchScreen.xib; sourceTree = "<group>"; };
		D033C9EA1A6A19A0003864DF /* NSUserDefaults SwiftTests.xctest */ = {isa = PBXFileReference; explicitFileType = wrapper.cfbundle; includeInIndex = 0; path = "NSUserDefaults SwiftTests.xctest"; sourceTree = BUILT_PRODUCTS_DIR; };
		D033C9EF1A6A19A0003864DF /* Info.plist */ = {isa = PBXFileReference; lastKnownFileType = text.plist.xml; path = Info.plist; sourceTree = "<group>"; };
		D033C9F01A6A19A0003864DF /* NSUserDefaults_SwiftTests.swift */ = {isa = PBXFileReference; lastKnownFileType = sourcecode.swift; path = NSUserDefaults_SwiftTests.swift; sourceTree = "<group>"; };
		D033C9FA1A6A19BE003864DF /* UserModel.swift */ = {isa = PBXFileReference; fileEncoding = 4; lastKnownFileType = sourcecode.swift; path = UserModel.swift; sourceTree = "<group>"; };
		D033C9FC1A6A235F003864DF /* DataManager.swift */ = {isa = PBXFileReference; fileEncoding = 4; lastKnownFileType = sourcecode.swift; path = DataManager.swift; sourceTree = "<group>"; };
/* End PBXFileReference section */

/* Begin PBXFrameworksBuildPhase section */
		D033C9D21A6A19A0003864DF /* Frameworks */ = {
			isa = PBXFrameworksBuildPhase;
			buildActionMask = 2147483647;
			files = (
			);
			runOnlyForDeploymentPostprocessing = 0;
		};
		D033C9E71A6A19A0003864DF /* Frameworks */ = {
			isa = PBXFrameworksBuildPhase;
			buildActionMask = 2147483647;
			files = (
			);
			runOnlyForDeploymentPostprocessing = 0;
		};
/* End PBXFrameworksBuildPhase section */

/* Begin PBXGroup section */
		D033C9CC1A6A19A0003864DF = {
			isa = PBXGroup;
			children = (
				D033C9D71A6A19A0003864DF /* NSUserDefaults Swift */,
				D033C9ED1A6A19A0003864DF /* NSUserDefaults SwiftTests */,
				D033C9D61A6A19A0003864DF /* Products */,
			);
			sourceTree = "<group>";
		};
		D033C9D61A6A19A0003864DF /* Products */ = {
			isa = PBXGroup;
			children = (
				D033C9D51A6A19A0003864DF /* NSUserDefaults Swift.app */,
				D033C9EA1A6A19A0003864DF /* NSUserDefaults SwiftTests.xctest */,
			);
			name = Products;
			sourceTree = "<group>";
		};
		D033C9D71A6A19A0003864DF /* NSUserDefaults Swift */ = {
			isa = PBXGroup;
			children = (
				D033C9DA1A6A19A0003864DF /* AppDelegate.swift */,
				D033C9DC1A6A19A0003864DF /* ViewController.swift */,
				D033C9DE1A6A19A0003864DF /* Main.storyboard */,
				D033C9E11A6A19A0003864DF /* Images.xcassets */,
				D033C9E31A6A19A0003864DF /* LaunchScreen.xib */,
				D033C9D81A6A19A0003864DF /* Supporting Files */,
				D033C9FA1A6A19BE003864DF /* UserModel.swift */,
				D033C9FC1A6A235F003864DF /* DataManager.swift */,
			);
			path = "NSUserDefaults Swift";
			sourceTree = "<group>";
		};
		D033C9D81A6A19A0003864DF /* Supporting Files */ = {
			isa = PBXGroup;
			children = (
				D033C9D91A6A19A0003864DF /* Info.plist */,
			);
			name = "Supporting Files";
			sourceTree = "<group>";
		};
		D033C9ED1A6A19A0003864DF /* NSUserDefaults SwiftTests */ = {
			isa = PBXGroup;
			children = (
				D033C9F01A6A19A0003864DF /* NSUserDefaults_SwiftTests.swift */,
				D033C9EE1A6A19A0003864DF /* Supporting Files */,
			);
			path = "NSUserDefaults SwiftTests";
			sourceTree = "<group>";
		};
		D033C9EE1A6A19A0003864DF /* Supporting Files */ = {
			isa = PBXGroup;
			children = (
				D033C9EF1A6A19A0003864DF /* Info.plist */,
			);
			name = "Supporting Files";
			sourceTree = "<group>";
		};
/* End PBXGroup section */

/* Begin PBXNativeTarget section */
		D033C9D41A6A19A0003864DF /* NSUserDefaults Swift */ = {
			isa = PBXNativeTarget;
			buildConfigurationList = D033C9F41A6A19A0003864DF /* Build configuration list for PBXNativeTarget "NSUserDefaults Swift" */;
			buildPhases = (
				D033C9D11A6A19A0003864DF /* Sources */,
				D033C9D21A6A19A0003864DF /* Frameworks */,
				D033C9D31A6A19A0003864DF /* Resources */,
			);
			buildRules = (
			);
			dependencies = (
			);
			name = "NSUserDefaults Swift";
			productName = "NSUserDefaults Swift";
			productReference = D033C9D51A6A19A0003864DF /* NSUserDefaults Swift.app */;
			productType = "com.apple.product-type.application";
		};
		D033C9E91A6A19A0003864DF /* NSUserDefaults SwiftTests */ = {
			isa = PBXNativeTarget;
			buildConfigurationList = D033C9F71A6A19A0003864DF /* Build configuration list for PBXNativeTarget "NSUserDefaults SwiftTests" */;
			buildPhases = (
				D033C9E61A6A19A0003864DF /* Sources */,
				D033C9E71A6A19A0003864DF /* Frameworks */,
				D033C9E81A6A19A0003864DF /* Resources */,
			);
			buildRules = (
			);
			dependencies = (
				D033C9EC1A6A19A0003864DF /* PBXTargetDependency */,
			);
			name = "NSUserDefaults SwiftTests";
			productName = "NSUserDefaults SwiftTests";
			productReference = D033C9EA1A6A19A0003864DF /* NSUserDefaults SwiftTests.xctest */;
			productType = "com.apple.product-type.bundle.unit-test";
		};
/* End PBXNativeTarget section */

/* Begin PBXProject section */
		D033C9CD1A6A19A0003864DF /* Project object */ = {
			isa = PBXProject;
			attributes = {
				LastUpgradeCheck = 0610;
				ORGANIZATIONNAME = Sandeep;
				TargetAttributes = {
					D033C9D41A6A19A0003864DF = {
						CreatedOnToolsVersion = 6.1.1;
					};
					D033C9E91A6A19A0003864DF = {
						CreatedOnToolsVersion = 6.1.1;
						TestTargetID = D033C9D41A6A19A0003864DF;
					};
				};
			};
			buildConfigurationList = D033C9D01A6A19A0003864DF /* Build configuration list for PBXProject "NSUserDefaults Swift" */;
			compatibilityVersion = "Xcode 3.2";
			developmentRegion = English;
			hasScannedForEncodings = 0;
			knownRegions = (
				en,
				Base,
			);
			mainGroup = D033C9CC1A6A19A0003864DF;
			productRefGroup = D033C9D61A6A19A0003864DF /* Products */;
			projectDirPath = "";
			projectRoot = "";
			targets = (
				D033C9D41A6A19A0003864DF /* NSUserDefaults Swift */,
				D033C9E91A6A19A0003864DF /* NSUserDefaults SwiftTests */,
			);
		};
/* End PBXProject section */

/* Begin PBXResourcesBuildPhase section */
		D033C9D31A6A19A0003864DF /* Resources */ = {
			isa = PBXResourcesBuildPhase;
			buildActionMask = 2147483647;
			files = (
				D033C9E01A6A19A0003864DF /* Main.storyboard in Resources */,
				D033C9E51A6A19A0003864DF /* LaunchScreen.xib in Resources */,
				D033C9E21A6A19A0003864DF /* Images.xcassets in Resources */,
			);
			runOnlyForDeploymentPostprocessing = 0;
		};
		D033C9E81A6A19A0003864DF /* Resources */ = {
			isa = PBXResourcesBuildPhase;
			buildActionMask = 2147483647;
			files = (
			);
			runOnlyForDeploymentPostprocessing = 0;
		};
/* End PBXResourcesBuildPhase section */

/* Begin PBXSourcesBuildPhase section */
		D033C9D11A6A19A0003864DF /* Sources */ = {
			isa = PBXSourcesBuildPhase;
			buildActionMask = 2147483647;
			files = (
				D033C9DD1A6A19A0003864DF /* ViewController.swift in Sources */,
				D033C9FD1A6A235F003864DF /* DataManager.swift in Sources */,
				D033C9FB1A6A19BE003864DF /* UserModel.swift in Sources */,
				D033C9DB1A6A19A0003864DF /* AppDelegate.swift in Sources */,
			);
			runOnlyForDeploymentPostprocessing = 0;
		};
		D033C9E61A6A19A0003864DF /* Sources */ = {
			isa = PBXSourcesBuildPhase;
			buildActionMask = 2147483647;
			files = (
				D033C9F11A6A19A0003864DF /* NSUserDefaults_SwiftTests.swift in Sources */,
			);
			runOnlyForDeploymentPostprocessing = 0;
		};
/* End PBXSourcesBuildPhase section */

/* Begin PBXTargetDependency section */
		D033C9EC1A6A19A0003864DF /* PBXTargetDependency */ = {
			isa = PBXTargetDependency;
			target = D033C9D41A6A19A0003864DF /* NSUserDefaults Swift */;
			targetProxy = D033C9EB1A6A19A0003864DF /* PBXContainerItemProxy */;
		};
/* End PBXTargetDependency section */

/* Begin PBXVariantGroup section */
		D033C9DE1A6A19A0003864DF /* Main.storyboard */ = {
			isa = PBXVariantGroup;
			children = (
				D033C9DF1A6A19A0003864DF /* Base */,
			);
			name = Main.storyboard;
			sourceTree = "<group>";
		};
		D033C9E31A6A19A0003864DF /* LaunchScreen.xib */ = {
			isa = PBXVariantGroup;
			children = (
				D033C9E41A6A19A0003864DF /* Base */,
			);
			name = LaunchScreen.xib;
			sourceTree = "<group>";
		};
/* End PBXVariantGroup section */

/* Begin XCBuildConfiguration section */
		D033C9F21A6A19A0003864DF /* Debug */ = {
			isa = XCBuildConfiguration;
			buildSettings = {
				ALWAYS_SEARCH_USER_PATHS = NO;
				CLANG_CXX_LANGUAGE_STANDARD = "gnu++0x";
				CLANG_CXX_LIBRARY = "libc++";
				CLANG_ENABLE_MODULES = YES;
				CLANG_ENABLE_OBJC_ARC = YES;
				CLANG_WARN_BOOL_CONVERSION = YES;
				CLANG_WARN_CONSTANT_CONVERSION = YES;
				CLANG_WARN_DIRECT_OBJC_ISA_USAGE = YES_ERROR;
				CLANG_WARN_EMPTY_BODY = YES;
				CLANG_WARN_ENUM_CONVERSION = YES;
				CLANG_WARN_INT_CONVERSION = YES;
				CLANG_WARN_OBJC_ROOT_CLASS = YES_ERROR;
				CLANG_WARN_UNREACHABLE_CODE = YES;
				CLANG_WARN__DUPLICATE_METHOD_MATCH = YES;
				"CODE_SIGN_IDENTITY[sdk=iphoneos*]" = "iPhone Developer";
				COPY_PHASE_STRIP = NO;
				ENABLE_STRICT_OBJC_MSGSEND = YES;
				GCC_C_LANGUAGE_STANDARD = gnu99;
				GCC_DYNAMIC_NO_PIC = NO;
				GCC_OPTIMIZATION_LEVEL = 0;
				GCC_PREPROCESSOR_DEFINITIONS = (
					"DEBUG=1",
					"$(inherited)",
				);
				GCC_SYMBOLS_PRIVATE_EXTERN = NO;
				GCC_WARN_64_TO_32_BIT_CONVERSION = YES;
				GCC_WARN_ABOUT_RETURN_TYPE = YES_ERROR;
				GCC_WARN_UNDECLARED_SELECTOR = YES;
				GCC_WARN_UNINITIALIZED_AUTOS = YES_AGGRESSIVE;
				GCC_WARN_UNUSED_FUNCTION = YES;
				GCC_WARN_UNUSED_VARIABLE = YES;
				IPHONEOS_DEPLOYMENT_TARGET = 8.1;
				MTL_ENABLE_DEBUG_INFO = YES;
				ONLY_ACTIVE_ARCH = YES;
				SDKROOT = iphoneos;
				SWIFT_OPTIMIZATION_LEVEL = "-Onone";
			};
			name = Debug;
		};
		D033C9F31A6A19A0003864DF /* Release */ = {
			isa = XCBuildConfiguration;
			buildSettings = {
				ALWAYS_SEARCH_USER_PATHS = NO;
				CLANG_CXX_LANGUAGE_STANDARD = "gnu++0x";
				CLANG_CXX_LIBRARY = "libc++";
				CLANG_ENABLE_MODULES = YES;
				CLANG_ENABLE_OBJC_ARC = YES;
				CLANG_WARN_BOOL_CONVERSION = YES;
				CLANG_WARN_CONSTANT_CONVERSION = YES;
				CLANG_WARN_DIRECT_OBJC_ISA_USAGE = YES_ERROR;
				CLANG_WARN_EMPTY_BODY = YES;
				CLANG_WARN_ENUM_CONVERSION = YES;
				CLANG_WARN_INT_CONVERSION = YES;
				CLANG_WARN_OBJC_ROOT_CLASS = YES_ERROR;
				CLANG_WARN_UNREACHABLE_CODE = YES;
				CLANG_WARN__DUPLICATE_METHOD_MATCH = YES;
				"CODE_SIGN_IDENTITY[sdk=iphoneos*]" = "iPhone Developer";
				COPY_PHASE_STRIP = YES;
				ENABLE_NS_ASSERTIONS = NO;
				ENABLE_STRICT_OBJC_MSGSEND = YES;
				GCC_C_LANGUAGE_STANDARD = gnu99;
				GCC_WARN_64_TO_32_BIT_CONVERSION = YES;
				GCC_WARN_ABOUT_RETURN_TYPE = YES_ERROR;
				GCC_WARN_UNDECLARED_SELECTOR = YES;
				GCC_WARN_UNINITIALIZED_AUTOS = YES_AGGRESSIVE;
				GCC_WARN_UNUSED_FUNCTION = YES;
				GCC_WARN_UNUSED_VARIABLE = YES;
				IPHONEOS_DEPLOYMENT_TARGET = 8.1;
				MTL_ENABLE_DEBUG_INFO = NO;
				SDKROOT = iphoneos;
				VALIDATE_PRODUCT = YES;
			};
			name = Release;
		};
		D033C9F51A6A19A0003864DF /* Debug */ = {
			isa = XCBuildConfiguration;
			buildSettings = {
				ASSETCATALOG_COMPILER_APPICON_NAME = AppIcon;
				INFOPLIST_FILE = "NSUserDefaults Swift/Info.plist";
				LD_RUNPATH_SEARCH_PATHS = "$(inherited) @executable_path/Frameworks";
				PRODUCT_NAME = "$(TARGET_NAME)";
			};
			name = Debug;
		};
		D033C9F61A6A19A0003864DF /* Release */ = {
			isa = XCBuildConfiguration;
			buildSettings = {
				ASSETCATALOG_COMPILER_APPICON_NAME = AppIcon;
				INFOPLIST_FILE = "NSUserDefaults Swift/Info.plist";
				LD_RUNPATH_SEARCH_PATHS = "$(inherited) @executable_path/Frameworks";
				PRODUCT_NAME = "$(TARGET_NAME)";
			};
			name = Release;
		};
		D033C9F81A6A19A0003864DF /* Debug */ = {
			isa = XCBuildConfiguration;
			buildSettings = {
				BUNDLE_LOADER = "$(TEST_HOST)";
				FRAMEWORK_SEARCH_PATHS = (
					"$(SDKROOT)/Developer/Library/Frameworks",
					"$(inherited)",
				);
				GCC_PREPROCESSOR_DEFINITIONS = (
					"DEBUG=1",
					"$(inherited)",
				);
				INFOPLIST_FILE = "NSUserDefaults SwiftTests/Info.plist";
				LD_RUNPATH_SEARCH_PATHS = "$(inherited) @executable_path/Frameworks @loader_path/Frameworks";
				PRODUCT_NAME = "$(TARGET_NAME)";
				TEST_HOST = "$(BUILT_PRODUCTS_DIR)/NSUserDefaults Swift.app/NSUserDefaults Swift";
			};
			name = Debug;
		};
		D033C9F91A6A19A0003864DF /* Release */ = {
			isa = XCBuildConfiguration;
			buildSettings = {
				BUNDLE_LOADER = "$(TEST_HOST)";
				FRAMEWORK_SEARCH_PATHS = (
					"$(SDKROOT)/Developer/Library/Frameworks",
					"$(inherited)",
				);
				INFOPLIST_FILE = "NSUserDefaults SwiftTests/Info.plist";
				LD_RUNPATH_SEARCH_PATHS = "$(inherited) @executable_path/Frameworks @loader_path/Frameworks";
				PRODUCT_NAME = "$(TARGET_NAME)";
				TEST_HOST = "$(BUILT_PRODUCTS_DIR)/NSUserDefaults Swift.app/NSUserDefaults Swift";
			};
			name = Release;
		};
/* End XCBuildConfiguration section */

/* Begin XCConfigurationList section */
		D033C9D01A6A19A0003864DF /* Build configuration list for PBXProject "NSUserDefaults Swift" */ = {
			isa = XCConfigurationList;
			buildConfigurations = (
				D033C9F21A6A19A0003864DF /* Debug */,
				D033C9F31A6A19A0003864DF /* Release */,
			);
			defaultConfigurationIsVisible = 0;
			defaultConfigurationName = Release;
		};
		D033C9F41A6A19A0003864DF /* Build configuration list for PBXNativeTarget "NSUserDefaults Swift" */ = {
			isa = XCConfigurationList;
			buildConfigurations = (
				D033C9F51A6A19A0003864DF /* Debug */,
				D033C9F61A6A19A0003864DF /* Release */,
			);
			defaultConfigurationIsVisible = 0;
			defaultConfigurationName = Release;
		};
		D033C9F71A6A19A0003864DF /* Build configuration list for PBXNativeTarget "NSUserDefaults SwiftTests" */ = {
			isa = XCConfigurationList;
			buildConfigurations = (
				D033C9F81A6A19A0003864DF /* Debug */,
				D033C9F91A6A19A0003864DF /* Release */,
			);
			defaultConfigurationIsVisible = 0;
			defaultConfigurationName = Release;
		};
/* End XCConfigurationList section */
	};
	rootObject = D033C9CD1A6A19A0003864DF /* Project object */;
}
